
Microsoft Visual Studio Solution File, Format Version 12.00
# Visual Studio Version 16
VisualStudioVersion = 16.0.30104.148
MinimumVisualStudioVersion = 10.0.40219.1
Project("{FAE04EC0-301F-11D3-BF4B-00C04F79EFBC}") = "WPFDemo", "WPFDemo\WPFDemo.csproj", "{021EF0A0-4076-44AE-B58D-708C4063AD70}"
EndProject
Project("{FAE04EC0-301F-11D3-BF4B-00C04F79EFBC}") = "WPFDemo.Library", "WebsiteDownload\WPFDemo.Library.csproj", "{4EBC706D-3998-4D2C-A03E-7A60A69A3A7B}"
EndProject
Global
	GlobalSection(SolutionConfigurationPlatforms) = preSolution
		Debug|Any CPU = Debug|Any CPU
		Release|Any CPU = Release|Any CPU
	EndGlobalSection
	GlobalSection(ProjectConfigurationPlatforms) = postSolution
		{021EF0A0-4076-44AE-B58D-708C4063AD70}.Debug|Any CPU.ActiveCfg = Debug|Any CPU
		{021EF0A0-4076-44AE-B58D-708C4063AD70}.Debug|Any CPU.Build.0 = Debug|Any CPU
		{021EF0A0-4076-44AE-B58D-708C4063AD70}.Release|Any CPU.ActiveCfg = Release|Any CPU
		{021EF0A0-4076-44AE-B58D-708C4063AD70}.Release|Any CPU.Build.0 = Release|Any CPU
		{4EBC706D-3998-4D2C-A03E-7A60A69A3A7B}.Debug|Any CPU.ActiveCfg = Debug|Any CPU
		{4EBC706D-3998-4D2C-A03E-7A60A69A3A7B}.Debug|Any CPU.Build.0 = Debug|Any CPU
		{4EBC706D-3998-4D2C-A03E-7A60A69A3A7B}.Release|Any CPU.ActiveCfg = Release|Any CPU
		{4EBC706D-3998-4D2C-A03E-7A60A69A3A7B}.Release|Any CPU.Build.0 = Release|Any CPU
	EndGlobalSection
	GlobalSection(SolutionProperties) = preSolution
		HideSolutionNode = FALSE
	EndGlobalSection
	GlobalSection(ExtensibilityGlobals) = postSolution
		SolutionGuid = {17C2CFE7-C9E4-4DA8-80DF-6E2C5375CD56}
	EndGlobalSection
EndGlobal
